<?xml version="1.0" encoding="UTF-8" standalone="yes" ?>
<CodeBlocks_project_file>
	<FileVersion major="1" minor="6" />
	<Project>
		<Option title="SecondChapter" />
		<Option pch_mode="2" />
		<Option compiler="gcc" />
		<Build>
			<Target title="Debug">
				<Option output="bin/Debug/SecondChapter" prefix_auto="1" extension_auto="1" />
				<Option object_output="obj/Debug/" />
				<Option type="1" />
				<Option compiler="gcc" />
				<Compiler>
					<Add option="-g" />
				</Compiler>
			</Target>
			<Target title="Release">
				<Option output="bin/Release/SecondChapter" prefix_auto="1" extension_auto="1" />
				<Option object_output="obj/Release/" />
				<Option type="1" />
				<Option compiler="gcc" />
				<Compiler>
					<Add option="-O2" />
				</Compiler>
				<Linker>
					<Add option="-s" />
				</Linker>
			</Target>
		</Build>
		<Compiler>
			<Add option="-Wall" />
			<Add option="-fexceptions" />
		</Compiler>
		<Unit filename="bo2-1.h" />
		<Unit filename="bo2-2.h">
			<Option target="&lt;{~None~}&gt;" />
		</Unit>
		<Unit filename="bo2-3.h">
			<Option target="&lt;{~None~}&gt;" />
		</Unit>
		<Unit filename="bo2-4.h">
			<Option target="&lt;{~None~}&gt;" />
		</Unit>
		<Unit filename="bo2-5.h">
			<Option target="&lt;{~None~}&gt;" />
		</Unit>
		<Unit filename="bo2-6.h">
			<Option target="&lt;{~None~}&gt;" />
		</Unit>
		<Unit filename="bo2-7.h">
			<Option target="&lt;{~None~}&gt;" />
		</Unit>
		<Unit filename="c1.h">
			<Option target="&lt;{~None~}&gt;" />
		</Unit>
		<Unit filename="c2-1.h">
			<Option target="&lt;{~None~}&gt;" />
		</Unit>
		<Unit filename="c2-2.h">
			<Option target="&lt;{~None~}&gt;" />
		</Unit>
		<Unit filename="c2-3.h">
			<Option target="&lt;{~None~}&gt;" />
		</Unit>
		<Unit filename="c2-4.h">
			<Option target="&lt;{~None~}&gt;" />
		</Unit>
		<Unit filename="func2-1.h">
			<Option target="&lt;{~None~}&gt;" />
		</Unit>
		<Unit filename="func2-2.h">
			<Option target="&lt;{~None~}&gt;" />
		</Unit>
		<Unit filename="func2-3.h">
			<Option target="&lt;{~None~}&gt;" />
		</Unit>
		<Unit filename="main.cpp" />
		<Extensions>
			<code_completion />
			<envvars />
			<debugger />
			<lib_finder disable_auto="1" />
		</Extensions>
	</Project>
</CodeBlocks_project_file>
